// !$*UTF8*$!
{
	archiveVersion = 1;
	classes = {
	};
	objectVersion = 46;
	objects = {

/* Begin PBXBuildFile section */
		D323155316A3DBED0071D96D /* Foundation.framework in Frameworks */ = {isa = PBXBuildFile; fileRef = D323155216A3DBED0071D96D /* Foundation.framework */; };
		D323155616A3DBED0071D96D /* main.m in Sources */ = {isa = PBXBuildFile; fileRef = D323155516A3DBED0071D96D /* main.m */; };
		D323155A16A3DBED0071D96D /* flynn.1 in CopyFiles */ = {isa = PBXBuildFile; fileRef = D323155916A3DBED0071D96D /* flynn.1 */; };
		D323156416A3E6FB0071D96D /* FLManifest.m in Sources */ = {isa = PBXBuildFile; fileRef = D323156316A3E6FB0071D96D /* FLManifest.m */; };
		D323156916A3EAE50071D96D /* JSONKit.m in Sources */ = {isa = PBXBuildFile; fileRef = D323156816A3EAE50071D96D /* JSONKit.m */; };
		D323156F16A3F1CE0071D96D /* FLRange.m in Sources */ = {isa = PBXBuildFile; fileRef = D323156D16A3F1CD0071D96D /* FLRange.m */; };
		D323157116A3F4220071D96D /* CoreGraphics.framework in Frameworks */ = {isa = PBXBuildFile; fileRef = D323157016A3F4220071D96D /* CoreGraphics.framework */; };
		D323157316A3F42A0071D96D /* ImageIO.framework in Frameworks */ = {isa = PBXBuildFile; fileRef = D323157216A3F42A0071D96D /* ImageIO.framework */; };
		D323157E16A4968A0071D96D /* FLImage.m in Sources */ = {isa = PBXBuildFile; fileRef = D323157D16A4968A0071D96D /* FLImage.m */; };
		D323158116A497BA0071D96D /* FLFrameSequence.m in Sources */ = {isa = PBXBuildFile; fileRef = D323158016A497BA0071D96D /* FLFrameSequence.m */; };
		D323158416A4980C0071D96D /* FLImageComparator.m in Sources */ = {isa = PBXBuildFile; fileRef = D323158316A4980B0071D96D /* FLImageComparator.m */; };
		D323158716A4A4560071D96D /* FLBlockEncoder.m in Sources */ = {isa = PBXBuildFile; fileRef = D323158616A4A4560071D96D /* FLBlockEncoder.m */; };
		D323158916A4A6AA0071D96D /* Accelerate.framework in Frameworks */ = {isa = PBXBuildFile; fileRef = D323158816A4A6AA0071D96D /* Accelerate.framework */; };
		D323158D16A4C7BE0071D96D /* CoreServices.framework in Frameworks */ = {isa = PBXBuildFile; fileRef = D323158C16A4C7BE0071D96D /* CoreServices.framework */; };
		D3A573FF16A7B541003C4C3A /* FLDebuggingBlockEncoder.m in Sources */ = {isa = PBXBuildFile; fileRef = D3A573FE16A7B541003C4C3A /* FLDebuggingBlockEncoder.m */; };
		D3A5740216A7C500003C4C3A /* FLImageFrameSequence.m in Sources */ = {isa = PBXBuildFile; fileRef = D3A5740116A7C500003C4C3A /* FLImageFrameSequence.m */; };
		D3A5740416A7C751003C4C3A /* FLError.m in Sources */ = {isa = PBXBuildFile; fileRef = D3A5740316A7C751003C4C3A /* FLError.m */; };
		D3D7D1E716A5183D0071DE5D /* FLLog.m in Sources */ = {isa = PBXBuildFile; fileRef = D3D7D1E616A5183D0071DE5D /* FLLog.m */; };
		D3D7D1EB16A5EEF00071DE5D /* FLUtility.m in Sources */ = {isa = PBXBuildFile; fileRef = D3D7D1EA16A5EEF00071DE5D /* FLUtility.m */; };
		D3D7D22916A70B380071DE5D /* FLCodec.m in Sources */ = {isa = PBXBuildFile; fileRef = D3D7D22816A70B380071DE5D /* FLCodec.m */; };
		D3D7D22D16A73C740071DE5D /* FLSequentialBlockEncoder.m in Sources */ = {isa = PBXBuildFile; fileRef = D3D7D22C16A73C740071DE5D /* FLSequentialBlockEncoder.m */; };
/* End PBXBuildFile section */

/* Begin PBXCopyFilesBuildPhase section */
		D323154C16A3DBED0071D96D /* CopyFiles */ = {
			isa = PBXCopyFilesBuildPhase;
			buildActionMask = 2147483647;
			dstPath = /usr/share/man/man1/;
			dstSubfolderSpec = 0;
			files = (
				D323155A16A3DBED0071D96D /* flynn.1 in CopyFiles */,
			);
			runOnlyForDeploymentPostprocessing = 1;
		};
/* End PBXCopyFilesBuildPhase section */

/* Begin PBXFileReference section */
		D323154E16A3DBED0071D96D /* flynn */ = {isa = PBXFileReference; explicitFileType = "compiled.mach-o.executable"; includeInIndex = 0; path = flynn; sourceTree = BUILT_PRODUCTS_DIR; };
		D323155216A3DBED0071D96D /* Foundation.framework */ = {isa = PBXFileReference; lastKnownFileType = wrapper.framework; name = Foundation.framework; path = System/Library/Frameworks/Foundation.framework; sourceTree = SDKROOT; };
		D323155516A3DBED0071D96D /* main.m */ = {isa = PBXFileReference; lastKnownFileType = sourcecode.c.objc; name = main.m; path = ../Flynn/source/main.m; sourceTree = "<group>"; };
		D323155816A3DBED0071D96D /* Flynn-Prefix.pch */ = {isa = PBXFileReference; lastKnownFileType = sourcecode.c.h; name = "Flynn-Prefix.pch"; path = "../Flynn/source/Flynn-Prefix.pch"; sourceTree = "<group>"; };
		D323155916A3DBED0071D96D /* flynn.1 */ = {isa = PBXFileReference; lastKnownFileType = text.man; name = flynn.1; path = ../Flynn/resources/flynn.1; sourceTree = "<group>"; };
		D323156216A3E6FB0071D96D /* FLManifest.h */ = {isa = PBXFileReference; fileEncoding = 4; lastKnownFileType = sourcecode.c.h; path = FLManifest.h; sourceTree = "<group>"; };
		D323156316A3E6FB0071D96D /* FLManifest.m */ = {isa = PBXFileReference; fileEncoding = 4; lastKnownFileType = sourcecode.c.objc; path = FLManifest.m; sourceTree = "<group>"; };
		D323156716A3EAE50071D96D /* JSONKit.h */ = {isa = PBXFileReference; fileEncoding = 4; lastKnownFileType = sourcecode.c.h; path = JSONKit.h; sourceTree = "<group>"; };
		D323156816A3EAE50071D96D /* JSONKit.m */ = {isa = PBXFileReference; fileEncoding = 4; lastKnownFileType = sourcecode.c.objc; path = JSONKit.m; sourceTree = "<group>"; };
		D323156C16A3F1CD0071D96D /* FLRange.h */ = {isa = PBXFileReference; fileEncoding = 4; lastKnownFileType = sourcecode.c.h; path = FLRange.h; sourceTree = "<group>"; };
		D323156D16A3F1CD0071D96D /* FLRange.m */ = {isa = PBXFileReference; fileEncoding = 4; lastKnownFileType = sourcecode.c.objc; path = FLRange.m; sourceTree = "<group>"; };
		D323157016A3F4220071D96D /* CoreGraphics.framework */ = {isa = PBXFileReference; lastKnownFileType = wrapper.framework; name = CoreGraphics.framework; path = System/Library/Frameworks/CoreGraphics.framework; sourceTree = SDKROOT; };
		D323157216A3F42A0071D96D /* ImageIO.framework */ = {isa = PBXFileReference; lastKnownFileType = wrapper.framework; name = ImageIO.framework; path = System/Library/Frameworks/ImageIO.framework; sourceTree = SDKROOT; };
		D323157416A482E80071D96D /* FLError.h */ = {isa = PBXFileReference; fileEncoding = 4; lastKnownFileType = sourcecode.c.h; path = FLError.h; sourceTree = "<group>"; };
		D323157C16A496890071D96D /* FLImage.h */ = {isa = PBXFileReference; fileEncoding = 4; lastKnownFileType = sourcecode.c.h; path = FLImage.h; sourceTree = "<group>"; };
		D323157D16A4968A0071D96D /* FLImage.m */ = {isa = PBXFileReference; fileEncoding = 4; lastKnownFileType = sourcecode.c.objc; path = FLImage.m; sourceTree = "<group>"; };
		D323157F16A497BA0071D96D /* FLFrameSequence.h */ = {isa = PBXFileReference; fileEncoding = 4; lastKnownFileType = sourcecode.c.h; path = FLFrameSequence.h; sourceTree = "<group>"; };
		D323158016A497BA0071D96D /* FLFrameSequence.m */ = {isa = PBXFileReference; fileEncoding = 4; lastKnownFileType = sourcecode.c.objc; path = FLFrameSequence.m; sourceTree = "<group>"; };
		D323158216A4980B0071D96D /* FLImageComparator.h */ = {isa = PBXFileReference; fileEncoding = 4; lastKnownFileType = sourcecode.c.h; path = FLImageComparator.h; sourceTree = "<group>"; };
		D323158316A4980B0071D96D /* FLImageComparator.m */ = {isa = PBXFileReference; fileEncoding = 4; lastKnownFileType = sourcecode.c.objc; path = FLImageComparator.m; sourceTree = "<group>"; };
		D323158516A4A4560071D96D /* FLBlockEncoder.h */ = {isa = PBXFileReference; fileEncoding = 4; lastKnownFileType = sourcecode.c.h; path = FLBlockEncoder.h; sourceTree = "<group>"; };
		D323158616A4A4560071D96D /* FLBlockEncoder.m */ = {isa = PBXFileReference; fileEncoding = 4; lastKnownFileType = sourcecode.c.objc; path = FLBlockEncoder.m; sourceTree = "<group>"; };
		D323158816A4A6AA0071D96D /* Accelerate.framework */ = {isa = PBXFileReference; lastKnownFileType = wrapper.framework; name = Accelerate.framework; path = System/Library/Frameworks/Accelerate.framework; sourceTree = SDKROOT; };
		D323158C16A4C7BE0071D96D /* CoreServices.framework */ = {isa = PBXFileReference; lastKnownFileType = wrapper.framework; name = CoreServices.framework; path = System/Library/Frameworks/CoreServices.framework; sourceTree = SDKROOT; };
		D3A573FD16A7B541003C4C3A /* FLDebuggingBlockEncoder.h */ = {isa = PBXFileReference; fileEncoding = 4; lastKnownFileType = sourcecode.c.h; path = FLDebuggingBlockEncoder.h; sourceTree = "<group>"; };
		D3A573FE16A7B541003C4C3A /* FLDebuggingBlockEncoder.m */ = {isa = PBXFileReference; fileEncoding = 4; lastKnownFileType = sourcecode.c.objc; path = FLDebuggingBlockEncoder.m; sourceTree = "<group>"; };
		D3A5740016A7C500003C4C3A /* FLImageFrameSequence.h */ = {isa = PBXFileReference; fileEncoding = 4; lastKnownFileType = sourcecode.c.h; path = FLImageFrameSequence.h; sourceTree = "<group>"; };
		D3A5740116A7C500003C4C3A /* FLImageFrameSequence.m */ = {isa = PBXFileReference; fileEncoding = 4; lastKnownFileType = sourcecode.c.objc; path = FLImageFrameSequence.m; sourceTree = "<group>"; };
		D3A5740316A7C751003C4C3A /* FLError.m */ = {isa = PBXFileReference; fileEncoding = 4; lastKnownFileType = sourcecode.c.objc; path = FLError.m; sourceTree = "<group>"; };
		D3D7D1E516A5183C0071DE5D /* FLLog.h */ = {isa = PBXFileReference; fileEncoding = 4; lastKnownFileType = sourcecode.c.h; path = FLLog.h; sourceTree = "<group>"; };
		D3D7D1E616A5183D0071DE5D /* FLLog.m */ = {isa = PBXFileReference; fileEncoding = 4; lastKnownFileType = sourcecode.c.objc; path = FLLog.m; sourceTree = "<group>"; };
		D3D7D1E816A51C550071DE5D /* FLCodec.h */ = {isa = PBXFileReference; fileEncoding = 4; lastKnownFileType = sourcecode.c.h; path = FLCodec.h; sourceTree = "<group>"; };
		D3D7D1E916A5EEF00071DE5D /* FLUtility.h */ = {isa = PBXFileReference; fileEncoding = 4; lastKnownFileType = sourcecode.c.h; path = FLUtility.h; sourceTree = "<group>"; };
		D3D7D1EA16A5EEF00071DE5D /* FLUtility.m */ = {isa = PBXFileReference; fileEncoding = 4; lastKnownFileType = sourcecode.c.objc; path = FLUtility.m; sourceTree = "<group>"; };
		D3D7D22816A70B380071DE5D /* FLCodec.m */ = {isa = PBXFileReference; fileEncoding = 4; lastKnownFileType = sourcecode.c.objc; path = FLCodec.m; sourceTree = "<group>"; };
		D3D7D22B16A73C740071DE5D /* FLSequentialBlockEncoder.h */ = {isa = PBXFileReference; fileEncoding = 4; lastKnownFileType = sourcecode.c.h; path = FLSequentialBlockEncoder.h; sourceTree = "<group>"; };
		D3D7D22C16A73C740071DE5D /* FLSequentialBlockEncoder.m */ = {isa = PBXFileReference; fileEncoding = 4; lastKnownFileType = sourcecode.c.objc; path = FLSequentialBlockEncoder.m; sourceTree = "<group>"; };
/* End PBXFileReference section */

/* Begin PBXFrameworksBuildPhase section */
		D323154B16A3DBED0071D96D /* Frameworks */ = {
			isa = PBXFrameworksBuildPhase;
			buildActionMask = 2147483647;
			files = (
				D323158D16A4C7BE0071D96D /* CoreServices.framework in Frameworks */,
				D323155316A3DBED0071D96D /* Foundation.framework in Frameworks */,
				D323157316A3F42A0071D96D /* ImageIO.framework in Frameworks */,
				D323158916A4A6AA0071D96D /* Accelerate.framework in Frameworks */,
				D323157116A3F4220071D96D /* CoreGraphics.framework in Frameworks */,
			);
			runOnlyForDeploymentPostprocessing = 0;
		};
/* End PBXFrameworksBuildPhase section */

/* Begin PBXGroup section */
		D323154316A3DBED0071D96D = {
			isa = PBXGroup;
			children = (
				D323155416A3DBED0071D96D /* Spellcaster */,
				D323155116A3DBED0071D96D /* Frameworks */,
				D323154F16A3DBED0071D96D /* Products */,
			);
			sourceTree = "<group>";
		};
		D323154F16A3DBED0071D96D /* Products */ = {
			isa = PBXGroup;
			children = (
				D323154E16A3DBED0071D96D /* flynn */,
			);
			name = Products;
			sourceTree = "<group>";
		};
		D323155116A3DBED0071D96D /* Frameworks */ = {
			isa = PBXGroup;
			children = (
				D323158C16A4C7BE0071D96D /* CoreServices.framework */,
				D323155216A3DBED0071D96D /* Foundation.framework */,
				D323157216A3F42A0071D96D /* ImageIO.framework */,
				D323158816A4A6AA0071D96D /* Accelerate.framework */,
				D323157016A3F4220071D96D /* CoreGraphics.framework */,
			);
			name = Frameworks;
			sourceTree = "<group>";
		};
		D323155416A3DBED0071D96D /* Spellcaster */ = {
			isa = PBXGroup;
			children = (
				D323156016A3DC240071D96D /* Source */,
				D323155516A3DBED0071D96D /* main.m */,
				D323155716A3DBED0071D96D /* Supporting Files */,
			);
			path = Spellcaster;
			sourceTree = "<group>";
		};
		D323155716A3DBED0071D96D /* Supporting Files */ = {
			isa = PBXGroup;
			children = (
				D323155916A3DBED0071D96D /* flynn.1 */,
				D323155816A3DBED0071D96D /* Flynn-Prefix.pch */,
			);
			name = "Supporting Files";
			sourceTree = "<group>";
		};
		D323156016A3DC240071D96D /* Source */ = {
			isa = PBXGroup;
			children = (
				D323156516A3EAE50071D96D /* external */,
				D323156116A3E6FB0071D96D /* flynn */,
			);
			name = Source;
			sourceTree = "<group>";
		};
		D323156116A3E6FB0071D96D /* flynn */ = {
			isa = PBXGroup;
			children = (
				D3D7D22A16A73C740071DE5D /* encoder */,
				D323157816A4873F0071D96D /* sequence */,
				D323157416A482E80071D96D /* FLError.h */,
				D3A5740316A7C751003C4C3A /* FLError.m */,
				D3D7D1E516A5183C0071DE5D /* FLLog.h */,
				D3D7D1E616A5183D0071DE5D /* FLLog.m */,
				D3D7D1E816A51C550071DE5D /* FLCodec.h */,
				D3D7D22816A70B380071DE5D /* FLCodec.m */,
				D3D7D1E916A5EEF00071DE5D /* FLUtility.h */,
				D3D7D1EA16A5EEF00071DE5D /* FLUtility.m */,
				D323156C16A3F1CD0071D96D /* FLRange.h */,
				D323156D16A3F1CD0071D96D /* FLRange.m */,
				D323157C16A496890071D96D /* FLImage.h */,
				D323157D16A4968A0071D96D /* FLImage.m */,
				D323156216A3E6FB0071D96D /* FLManifest.h */,
				D323156316A3E6FB0071D96D /* FLManifest.m */,
				D323158216A4980B0071D96D /* FLImageComparator.h */,
				D323158316A4980B0071D96D /* FLImageComparator.m */,
				D323157F16A497BA0071D96D /* FLFrameSequence.h */,
				D323158016A497BA0071D96D /* FLFrameSequence.m */,
				D323158516A4A4560071D96D /* FLBlockEncoder.h */,
				D323158616A4A4560071D96D /* FLBlockEncoder.m */,
			);
			name = flynn;
			path = ../Flynn/source/flynn;
			sourceTree = "<group>";
		};
		D323156516A3EAE50071D96D /* external */ = {
			isa = PBXGroup;
			children = (
				D323156616A3EAE50071D96D /* json */,
			);
			name = external;
			path = ../Flynn/source/external;
			sourceTree = "<group>";
		};
		D323156616A3EAE50071D96D /* json */ = {
			isa = PBXGroup;
			children = (
				D323156716A3EAE50071D96D /* JSONKit.h */,
				D323156816A3EAE50071D96D /* JSONKit.m */,
			);
			path = json;
			sourceTree = "<group>";
		};
		D323157816A4873F0071D96D /* sequence */ = {
			isa = PBXGroup;
			children = (
				D3A5740016A7C500003C4C3A /* FLImageFrameSequence.h */,
				D3A5740116A7C500003C4C3A /* FLImageFrameSequence.m */,
			);
			path = sequence;
			sourceTree = "<group>";
		};
		D3D7D22A16A73C740071DE5D /* encoder */ = {
			isa = PBXGroup;
			children = (
				D3D7D22B16A73C740071DE5D /* FLSequentialBlockEncoder.h */,
				D3D7D22C16A73C740071DE5D /* FLSequentialBlockEncoder.m */,
				D3A573FD16A7B541003C4C3A /* FLDebuggingBlockEncoder.h */,
				D3A573FE16A7B541003C4C3A /* FLDebuggingBlockEncoder.m */,
			);
			path = encoder;
			sourceTree = "<group>";
		};
/* End PBXGroup section */

/* Begin PBXNativeTarget section */
		D323154D16A3DBED0071D96D /* Flynn */ = {
			isa = PBXNativeTarget;
			buildConfigurationList = D323155D16A3DBED0071D96D /* Build configuration list for PBXNativeTarget "Flynn" */;
			buildPhases = (
				D323154A16A3DBED0071D96D /* Sources */,
				D323154B16A3DBED0071D96D /* Frameworks */,
				D323154C16A3DBED0071D96D /* CopyFiles */,
			);
			buildRules = (
			);
			dependencies = (
			);
			name = Flynn;
			productName = Spellcaster;
			productReference = D323154E16A3DBED0071D96D /* flynn */;
			productType = "com.apple.product-type.tool";
		};
/* End PBXNativeTarget section */

/* Begin PBXProject section */
		D323154516A3DBED0071D96D /* Project object */ = {
			isa = PBXProject;
			attributes = {
				LastUpgradeCheck = 0450;
				ORGANIZATIONNAME = Mess;
			};
			buildConfigurationList = D323154816A3DBED0071D96D /* Build configuration list for PBXProject "Flynn" */;
			compatibilityVersion = "Xcode 3.2";
			developmentRegion = English;
			hasScannedForEncodings = 0;
			knownRegions = (
				en,
			);
			mainGroup = D323154316A3DBED0071D96D;
			productRefGroup = D323154F16A3DBED0071D96D /* Products */;
			projectDirPath = "";
			projectRoot = "";
			targets = (
				D323154D16A3DBED0071D96D /* Flynn */,
			);
		};
/* End PBXProject section */

/* Begin PBXSourcesBuildPhase section */
		D323154A16A3DBED0071D96D /* Sources */ = {
			isa = PBXSourcesBuildPhase;
			buildActionMask = 2147483647;
			files = (
				D323155616A3DBED0071D96D /* main.m in Sources */,
				D323156416A3E6FB0071D96D /* FLManifest.m in Sources */,
				D323156916A3EAE50071D96D /* JSONKit.m in Sources */,
				D323156F16A3F1CE0071D96D /* FLRange.m in Sources */,
				D323157E16A4968A0071D96D /* FLImage.m in Sources */,
				D323158116A497BA0071D96D /* FLFrameSequence.m in Sources */,
				D323158416A4980C0071D96D /* FLImageComparator.m in Sources */,
				D323158716A4A4560071D96D /* FLBlockEncoder.m in Sources */,
				D3D7D1E716A5183D0071DE5D /* FLLog.m in Sources */,
				D3D7D1EB16A5EEF00071DE5D /* FLUtility.m in Sources */,
				D3D7D22916A70B380071DE5D /* FLCodec.m in Sources */,
				D3D7D22D16A73C740071DE5D /* FLSequentialBlockEncoder.m in Sources */,
				D3A573FF16A7B541003C4C3A /* FLDebuggingBlockEncoder.m in Sources */,
				D3A5740216A7C500003C4C3A /* FLImageFrameSequence.m in Sources */,
				D3A5740416A7C751003C4C3A /* FLError.m in Sources */,
			);
			runOnlyForDeploymentPostprocessing = 0;
		};
/* End PBXSourcesBuildPhase section */

/* Begin XCBuildConfiguration section */
		D323155B16A3DBED0071D96D /* Debug */ = {
			isa = XCBuildConfiguration;
			buildSettings = {
				ALWAYS_SEARCH_USER_PATHS = NO;
				ARCHS = "$(ARCHS_STANDARD_64_BIT)";
				CLANG_CXX_LANGUAGE_STANDARD = "gnu++0x";
				CLANG_CXX_LIBRARY = "libc++";
				CLANG_WARN_EMPTY_BODY = YES;
				CLANG_WARN__DUPLICATE_METHOD_MATCH = YES;
				COPY_PHASE_STRIP = NO;
				GCC_C_LANGUAGE_STANDARD = gnu99;
				GCC_DYNAMIC_NO_PIC = NO;
				GCC_ENABLE_OBJC_EXCEPTIONS = YES;
				GCC_OPTIMIZATION_LEVEL = 0;
				GCC_PREPROCESSOR_DEFINITIONS = (
					"DEBUG=1",
					"$(inherited)",
				);
				GCC_SYMBOLS_PRIVATE_EXTERN = NO;
				GCC_WARN_64_TO_32_BIT_CONVERSION = YES;
				GCC_WARN_ABOUT_RETURN_TYPE = YES;
				GCC_WARN_UNINITIALIZED_AUTOS = YES;
				GCC_WARN_UNUSED_VARIABLE = YES;
				MACOSX_DEPLOYMENT_TARGET = 10.8;
				ONLY_ACTIVE_ARCH = YES;
				SDKROOT = macosx;
			};
			name = Debug;
		};
		D323155C16A3DBED0071D96D /* Release */ = {
			isa = XCBuildConfiguration;
			buildSettings = {
				ALWAYS_SEARCH_USER_PATHS = NO;
				ARCHS = "$(ARCHS_STANDARD_64_BIT)";
				CLANG_CXX_LANGUAGE_STANDARD = "gnu++0x";
				CLANG_CXX_LIBRARY = "libc++";
				CLANG_WARN_EMPTY_BODY = YES;
				CLANG_WARN__DUPLICATE_METHOD_MATCH = YES;
				COPY_PHASE_STRIP = YES;
				DEBUG_INFORMATION_FORMAT = "dwarf-with-dsym";
				GCC_C_LANGUAGE_STANDARD = gnu99;
				GCC_ENABLE_OBJC_EXCEPTIONS = YES;
				GCC_WARN_64_TO_32_BIT_CONVERSION = YES;
				GCC_WARN_ABOUT_RETURN_TYPE = YES;
				GCC_WARN_UNINITIALIZED_AUTOS = YES;
				GCC_WARN_UNUSED_VARIABLE = YES;
				MACOSX_DEPLOYMENT_TARGET = 10.8;
				SDKROOT = macosx;
			};
			name = Release;
		};
		D323155E16A3DBED0071D96D /* Debug */ = {
			isa = XCBuildConfiguration;
			buildSettings = {
				GCC_PRECOMPILE_PREFIX_HEADER = YES;
				GCC_PREFIX_HEADER = "Flynn/source/Flynn-Prefix.pch";
				PRODUCT_NAME = flynn;
			};
			name = Debug;
		};
		D323155F16A3DBED0071D96D /* Release */ = {
			isa = XCBuildConfiguration;
			buildSettings = {
				GCC_PRECOMPILE_PREFIX_HEADER = YES;
				GCC_PREFIX_HEADER = "Flynn/source/Flynn-Prefix.pch";
				PRODUCT_NAME = flynn;
			};
			name = Release;
		};
/* End XCBuildConfiguration section */

/* Begin XCConfigurationList section */
		D323154816A3DBED0071D96D /* Build configuration list for PBXProject "Flynn" */ = {
			isa = XCConfigurationList;
			buildConfigurations = (
				D323155B16A3DBED0071D96D /* Debug */,
				D323155C16A3DBED0071D96D /* Release */,
			);
			defaultConfigurationIsVisible = 0;
			defaultConfigurationName = Release;
		};
		D323155D16A3DBED0071D96D /* Build configuration list for PBXNativeTarget "Flynn" */ = {
			isa = XCConfigurationList;
			buildConfigurations = (
				D323155E16A3DBED0071D96D /* Debug */,
				D323155F16A3DBED0071D96D /* Release */,
			);
			defaultConfigurationIsVisible = 0;
			defaultConfigurationName = Release;
		};
/* End XCConfigurationList section */
	};
	rootObject = D323154516A3DBED0071D96D /* Project object */;
}
