// !$*UTF8*$!
{
	archiveVersion = 1;
	classes = {
	};
	objectVersion = 46;
	objects = {

/* Begin PBXBuildFile section */
		D323155316A3DBED0071D96D /* Foundation.framework in Frameworks */ = {isa = PBXBuildFile; fileRef = D323155216A3DBED0071D96D /* Foundation.framework */; };
		D323155616A3DBED0071D96D /* main.m in Sources */ = {isa = PBXBuildFile; fileRef = D323155516A3DBED0071D96D /* main.m */; };
		D323155A16A3DBED0071D96D /* Spellcaster.1 in CopyFiles */ = {isa = PBXBuildFile; fileRef = D323155916A3DBED0071D96D /* Spellcaster.1 */; };
		D323156416A3E6FB0071D96D /* SCManifest.m in Sources */ = {isa = PBXBuildFile; fileRef = D323156316A3E6FB0071D96D /* SCManifest.m */; };
		D323156916A3EAE50071D96D /* JSONKit.m in Sources */ = {isa = PBXBuildFile; fileRef = D323156816A3EAE50071D96D /* JSONKit.m */; };
		D323156F16A3F1CE0071D96D /* SCRange.m in Sources */ = {isa = PBXBuildFile; fileRef = D323156D16A3F1CD0071D96D /* SCRange.m */; };
		D323157116A3F4220071D96D /* CoreGraphics.framework in Frameworks */ = {isa = PBXBuildFile; fileRef = D323157016A3F4220071D96D /* CoreGraphics.framework */; };
		D323157316A3F42A0071D96D /* ImageIO.framework in Frameworks */ = {isa = PBXBuildFile; fileRef = D323157216A3F42A0071D96D /* ImageIO.framework */; };
		D323157B16A4873F0071D96D /* SCImageSequence.m in Sources */ = {isa = PBXBuildFile; fileRef = D323157A16A4873F0071D96D /* SCImageSequence.m */; };
		D323157E16A4968A0071D96D /* SCImage.m in Sources */ = {isa = PBXBuildFile; fileRef = D323157D16A4968A0071D96D /* SCImage.m */; };
		D323158116A497BA0071D96D /* SCFrameSequence.m in Sources */ = {isa = PBXBuildFile; fileRef = D323158016A497BA0071D96D /* SCFrameSequence.m */; };
		D323158416A4980C0071D96D /* SCImageComparator.m in Sources */ = {isa = PBXBuildFile; fileRef = D323158316A4980B0071D96D /* SCImageComparator.m */; };
		D323158716A4A4560071D96D /* SCBlockEncoder.m in Sources */ = {isa = PBXBuildFile; fileRef = D323158616A4A4560071D96D /* SCBlockEncoder.m */; };
		D323158916A4A6AA0071D96D /* Accelerate.framework in Frameworks */ = {isa = PBXBuildFile; fileRef = D323158816A4A6AA0071D96D /* Accelerate.framework */; };
		D323158D16A4C7BE0071D96D /* CoreServices.framework in Frameworks */ = {isa = PBXBuildFile; fileRef = D323158C16A4C7BE0071D96D /* CoreServices.framework */; };
/* End PBXBuildFile section */

/* Begin PBXCopyFilesBuildPhase section */
		D323154C16A3DBED0071D96D /* CopyFiles */ = {
			isa = PBXCopyFilesBuildPhase;
			buildActionMask = 2147483647;
			dstPath = /usr/share/man/man1/;
			dstSubfolderSpec = 0;
			files = (
				D323155A16A3DBED0071D96D /* Spellcaster.1 in CopyFiles */,
			);
			runOnlyForDeploymentPostprocessing = 1;
		};
/* End PBXCopyFilesBuildPhase section */

/* Begin PBXFileReference section */
		D323154E16A3DBED0071D96D /* spellcaster */ = {isa = PBXFileReference; explicitFileType = "compiled.mach-o.executable"; includeInIndex = 0; path = spellcaster; sourceTree = BUILT_PRODUCTS_DIR; };
		D323155216A3DBED0071D96D /* Foundation.framework */ = {isa = PBXFileReference; lastKnownFileType = wrapper.framework; name = Foundation.framework; path = System/Library/Frameworks/Foundation.framework; sourceTree = SDKROOT; };
		D323155516A3DBED0071D96D /* main.m */ = {isa = PBXFileReference; lastKnownFileType = sourcecode.c.objc; name = main.m; path = source/main.m; sourceTree = "<group>"; };
		D323155816A3DBED0071D96D /* Spellcaster-Prefix.pch */ = {isa = PBXFileReference; lastKnownFileType = sourcecode.c.h; name = "Spellcaster-Prefix.pch"; path = "source/Spellcaster-Prefix.pch"; sourceTree = "<group>"; };
		D323155916A3DBED0071D96D /* Spellcaster.1 */ = {isa = PBXFileReference; lastKnownFileType = text.man; name = Spellcaster.1; path = resources/Spellcaster.1; sourceTree = "<group>"; };
		D323156216A3E6FB0071D96D /* SCManifest.h */ = {isa = PBXFileReference; fileEncoding = 4; lastKnownFileType = sourcecode.c.h; path = SCManifest.h; sourceTree = "<group>"; };
		D323156316A3E6FB0071D96D /* SCManifest.m */ = {isa = PBXFileReference; fileEncoding = 4; lastKnownFileType = sourcecode.c.objc; path = SCManifest.m; sourceTree = "<group>"; };
		D323156716A3EAE50071D96D /* JSONKit.h */ = {isa = PBXFileReference; fileEncoding = 4; lastKnownFileType = sourcecode.c.h; path = JSONKit.h; sourceTree = "<group>"; };
		D323156816A3EAE50071D96D /* JSONKit.m */ = {isa = PBXFileReference; fileEncoding = 4; lastKnownFileType = sourcecode.c.objc; path = JSONKit.m; sourceTree = "<group>"; };
		D323156C16A3F1CD0071D96D /* SCRange.h */ = {isa = PBXFileReference; fileEncoding = 4; lastKnownFileType = sourcecode.c.h; path = SCRange.h; sourceTree = "<group>"; };
		D323156D16A3F1CD0071D96D /* SCRange.m */ = {isa = PBXFileReference; fileEncoding = 4; lastKnownFileType = sourcecode.c.objc; path = SCRange.m; sourceTree = "<group>"; };
		D323157016A3F4220071D96D /* CoreGraphics.framework */ = {isa = PBXFileReference; lastKnownFileType = wrapper.framework; name = CoreGraphics.framework; path = System/Library/Frameworks/CoreGraphics.framework; sourceTree = SDKROOT; };
		D323157216A3F42A0071D96D /* ImageIO.framework */ = {isa = PBXFileReference; lastKnownFileType = wrapper.framework; name = ImageIO.framework; path = System/Library/Frameworks/ImageIO.framework; sourceTree = SDKROOT; };
		D323157416A482E80071D96D /* SCError.h */ = {isa = PBXFileReference; fileEncoding = 4; lastKnownFileType = sourcecode.c.h; path = SCError.h; sourceTree = "<group>"; };
		D323157916A4873F0071D96D /* SCImageSequence.h */ = {isa = PBXFileReference; fileEncoding = 4; lastKnownFileType = sourcecode.c.h; path = SCImageSequence.h; sourceTree = "<group>"; };
		D323157A16A4873F0071D96D /* SCImageSequence.m */ = {isa = PBXFileReference; fileEncoding = 4; lastKnownFileType = sourcecode.c.objc; path = SCImageSequence.m; sourceTree = "<group>"; };
		D323157C16A496890071D96D /* SCImage.h */ = {isa = PBXFileReference; fileEncoding = 4; lastKnownFileType = sourcecode.c.h; path = SCImage.h; sourceTree = "<group>"; };
		D323157D16A4968A0071D96D /* SCImage.m */ = {isa = PBXFileReference; fileEncoding = 4; lastKnownFileType = sourcecode.c.objc; path = SCImage.m; sourceTree = "<group>"; };
		D323157F16A497BA0071D96D /* SCFrameSequence.h */ = {isa = PBXFileReference; fileEncoding = 4; lastKnownFileType = sourcecode.c.h; path = SCFrameSequence.h; sourceTree = "<group>"; };
		D323158016A497BA0071D96D /* SCFrameSequence.m */ = {isa = PBXFileReference; fileEncoding = 4; lastKnownFileType = sourcecode.c.objc; path = SCFrameSequence.m; sourceTree = "<group>"; };
		D323158216A4980B0071D96D /* SCImageComparator.h */ = {isa = PBXFileReference; fileEncoding = 4; lastKnownFileType = sourcecode.c.h; path = SCImageComparator.h; sourceTree = "<group>"; };
		D323158316A4980B0071D96D /* SCImageComparator.m */ = {isa = PBXFileReference; fileEncoding = 4; lastKnownFileType = sourcecode.c.objc; path = SCImageComparator.m; sourceTree = "<group>"; };
		D323158516A4A4560071D96D /* SCBlockEncoder.h */ = {isa = PBXFileReference; fileEncoding = 4; lastKnownFileType = sourcecode.c.h; path = SCBlockEncoder.h; sourceTree = "<group>"; };
		D323158616A4A4560071D96D /* SCBlockEncoder.m */ = {isa = PBXFileReference; fileEncoding = 4; lastKnownFileType = sourcecode.c.objc; path = SCBlockEncoder.m; sourceTree = "<group>"; };
		D323158816A4A6AA0071D96D /* Accelerate.framework */ = {isa = PBXFileReference; lastKnownFileType = wrapper.framework; name = Accelerate.framework; path = System/Library/Frameworks/Accelerate.framework; sourceTree = SDKROOT; };
		D323158C16A4C7BE0071D96D /* CoreServices.framework */ = {isa = PBXFileReference; lastKnownFileType = wrapper.framework; name = CoreServices.framework; path = System/Library/Frameworks/CoreServices.framework; sourceTree = SDKROOT; };
/* End PBXFileReference section */

/* Begin PBXFrameworksBuildPhase section */
		D323154B16A3DBED0071D96D /* Frameworks */ = {
			isa = PBXFrameworksBuildPhase;
			buildActionMask = 2147483647;
			files = (
				D323158D16A4C7BE0071D96D /* CoreServices.framework in Frameworks */,
				D323155316A3DBED0071D96D /* Foundation.framework in Frameworks */,
				D323157316A3F42A0071D96D /* ImageIO.framework in Frameworks */,
				D323158916A4A6AA0071D96D /* Accelerate.framework in Frameworks */,
				D323157116A3F4220071D96D /* CoreGraphics.framework in Frameworks */,
			);
			runOnlyForDeploymentPostprocessing = 0;
		};
/* End PBXFrameworksBuildPhase section */

/* Begin PBXGroup section */
		D323154316A3DBED0071D96D = {
			isa = PBXGroup;
			children = (
				D323155416A3DBED0071D96D /* Spellcaster */,
				D323155116A3DBED0071D96D /* Frameworks */,
				D323154F16A3DBED0071D96D /* Products */,
			);
			sourceTree = "<group>";
		};
		D323154F16A3DBED0071D96D /* Products */ = {
			isa = PBXGroup;
			children = (
				D323154E16A3DBED0071D96D /* spellcaster */,
			);
			name = Products;
			sourceTree = "<group>";
		};
		D323155116A3DBED0071D96D /* Frameworks */ = {
			isa = PBXGroup;
			children = (
				D323158C16A4C7BE0071D96D /* CoreServices.framework */,
				D323155216A3DBED0071D96D /* Foundation.framework */,
				D323157216A3F42A0071D96D /* ImageIO.framework */,
				D323158816A4A6AA0071D96D /* Accelerate.framework */,
				D323157016A3F4220071D96D /* CoreGraphics.framework */,
			);
			name = Frameworks;
			sourceTree = "<group>";
		};
		D323155416A3DBED0071D96D /* Spellcaster */ = {
			isa = PBXGroup;
			children = (
				D323156016A3DC240071D96D /* Source */,
				D323155516A3DBED0071D96D /* main.m */,
				D323155716A3DBED0071D96D /* Supporting Files */,
			);
			path = Spellcaster;
			sourceTree = "<group>";
		};
		D323155716A3DBED0071D96D /* Supporting Files */ = {
			isa = PBXGroup;
			children = (
				D323155916A3DBED0071D96D /* Spellcaster.1 */,
				D323155816A3DBED0071D96D /* Spellcaster-Prefix.pch */,
			);
			name = "Supporting Files";
			sourceTree = "<group>";
		};
		D323156016A3DC240071D96D /* Source */ = {
			isa = PBXGroup;
			children = (
				D323156516A3EAE50071D96D /* external */,
				D323156116A3E6FB0071D96D /* spellcaster */,
			);
			name = Source;
			sourceTree = "<group>";
		};
		D323156116A3E6FB0071D96D /* spellcaster */ = {
			isa = PBXGroup;
			children = (
				D323157816A4873F0071D96D /* sequence */,
				D323157416A482E80071D96D /* SCError.h */,
				D323156C16A3F1CD0071D96D /* SCRange.h */,
				D323156D16A3F1CD0071D96D /* SCRange.m */,
				D323157C16A496890071D96D /* SCImage.h */,
				D323157D16A4968A0071D96D /* SCImage.m */,
				D323156216A3E6FB0071D96D /* SCManifest.h */,
				D323156316A3E6FB0071D96D /* SCManifest.m */,
				D323158216A4980B0071D96D /* SCImageComparator.h */,
				D323158316A4980B0071D96D /* SCImageComparator.m */,
				D323157F16A497BA0071D96D /* SCFrameSequence.h */,
				D323158016A497BA0071D96D /* SCFrameSequence.m */,
				D323158516A4A4560071D96D /* SCBlockEncoder.h */,
				D323158616A4A4560071D96D /* SCBlockEncoder.m */,
			);
			name = spellcaster;
			path = source/spellcaster;
			sourceTree = "<group>";
		};
		D323156516A3EAE50071D96D /* external */ = {
			isa = PBXGroup;
			children = (
				D323156616A3EAE50071D96D /* json */,
			);
			name = external;
			path = source/external;
			sourceTree = "<group>";
		};
		D323156616A3EAE50071D96D /* json */ = {
			isa = PBXGroup;
			children = (
				D323156716A3EAE50071D96D /* JSONKit.h */,
				D323156816A3EAE50071D96D /* JSONKit.m */,
			);
			path = json;
			sourceTree = "<group>";
		};
		D323157816A4873F0071D96D /* sequence */ = {
			isa = PBXGroup;
			children = (
				D323157916A4873F0071D96D /* SCImageSequence.h */,
				D323157A16A4873F0071D96D /* SCImageSequence.m */,
			);
			path = sequence;
			sourceTree = "<group>";
		};
/* End PBXGroup section */

/* Begin PBXNativeTarget section */
		D323154D16A3DBED0071D96D /* Spellcaster */ = {
			isa = PBXNativeTarget;
			buildConfigurationList = D323155D16A3DBED0071D96D /* Build configuration list for PBXNativeTarget "Spellcaster" */;
			buildPhases = (
				D323154A16A3DBED0071D96D /* Sources */,
				D323154B16A3DBED0071D96D /* Frameworks */,
				D323154C16A3DBED0071D96D /* CopyFiles */,
			);
			buildRules = (
			);
			dependencies = (
			);
			name = Spellcaster;
			productName = Spellcaster;
			productReference = D323154E16A3DBED0071D96D /* spellcaster */;
			productType = "com.apple.product-type.tool";
		};
/* End PBXNativeTarget section */

/* Begin PBXProject section */
		D323154516A3DBED0071D96D /* Project object */ = {
			isa = PBXProject;
			attributes = {
				LastUpgradeCheck = 0450;
				ORGANIZATIONNAME = Mess;
			};
			buildConfigurationList = D323154816A3DBED0071D96D /* Build configuration list for PBXProject "Spellcaster" */;
			compatibilityVersion = "Xcode 3.2";
			developmentRegion = English;
			hasScannedForEncodings = 0;
			knownRegions = (
				en,
			);
			mainGroup = D323154316A3DBED0071D96D;
			productRefGroup = D323154F16A3DBED0071D96D /* Products */;
			projectDirPath = "";
			projectRoot = "";
			targets = (
				D323154D16A3DBED0071D96D /* Spellcaster */,
			);
		};
/* End PBXProject section */

/* Begin PBXSourcesBuildPhase section */
		D323154A16A3DBED0071D96D /* Sources */ = {
			isa = PBXSourcesBuildPhase;
			buildActionMask = 2147483647;
			files = (
				D323155616A3DBED0071D96D /* main.m in Sources */,
				D323156416A3E6FB0071D96D /* SCManifest.m in Sources */,
				D323156916A3EAE50071D96D /* JSONKit.m in Sources */,
				D323156F16A3F1CE0071D96D /* SCRange.m in Sources */,
				D323157B16A4873F0071D96D /* SCImageSequence.m in Sources */,
				D323157E16A4968A0071D96D /* SCImage.m in Sources */,
				D323158116A497BA0071D96D /* SCFrameSequence.m in Sources */,
				D323158416A4980C0071D96D /* SCImageComparator.m in Sources */,
				D323158716A4A4560071D96D /* SCBlockEncoder.m in Sources */,
			);
			runOnlyForDeploymentPostprocessing = 0;
		};
/* End PBXSourcesBuildPhase section */

/* Begin XCBuildConfiguration section */
		D323155B16A3DBED0071D96D /* Debug */ = {
			isa = XCBuildConfiguration;
			buildSettings = {
				ALWAYS_SEARCH_USER_PATHS = NO;
				ARCHS = "$(ARCHS_STANDARD_64_BIT)";
				CLANG_CXX_LANGUAGE_STANDARD = "gnu++0x";
				CLANG_CXX_LIBRARY = "libc++";
				CLANG_WARN_EMPTY_BODY = YES;
				CLANG_WARN__DUPLICATE_METHOD_MATCH = YES;
				COPY_PHASE_STRIP = NO;
				GCC_C_LANGUAGE_STANDARD = gnu99;
				GCC_DYNAMIC_NO_PIC = NO;
				GCC_ENABLE_OBJC_EXCEPTIONS = YES;
				GCC_OPTIMIZATION_LEVEL = 0;
				GCC_PREPROCESSOR_DEFINITIONS = (
					"DEBUG=1",
					"$(inherited)",
				);
				GCC_SYMBOLS_PRIVATE_EXTERN = NO;
				GCC_WARN_64_TO_32_BIT_CONVERSION = YES;
				GCC_WARN_ABOUT_RETURN_TYPE = YES;
				GCC_WARN_UNINITIALIZED_AUTOS = YES;
				GCC_WARN_UNUSED_VARIABLE = YES;
				MACOSX_DEPLOYMENT_TARGET = 10.8;
				ONLY_ACTIVE_ARCH = YES;
				SDKROOT = macosx;
			};
			name = Debug;
		};
		D323155C16A3DBED0071D96D /* Release */ = {
			isa = XCBuildConfiguration;
			buildSettings = {
				ALWAYS_SEARCH_USER_PATHS = NO;
				ARCHS = "$(ARCHS_STANDARD_64_BIT)";
				CLANG_CXX_LANGUAGE_STANDARD = "gnu++0x";
				CLANG_CXX_LIBRARY = "libc++";
				CLANG_WARN_EMPTY_BODY = YES;
				CLANG_WARN__DUPLICATE_METHOD_MATCH = YES;
				COPY_PHASE_STRIP = YES;
				DEBUG_INFORMATION_FORMAT = "dwarf-with-dsym";
				GCC_C_LANGUAGE_STANDARD = gnu99;
				GCC_ENABLE_OBJC_EXCEPTIONS = YES;
				GCC_WARN_64_TO_32_BIT_CONVERSION = YES;
				GCC_WARN_ABOUT_RETURN_TYPE = YES;
				GCC_WARN_UNINITIALIZED_AUTOS = YES;
				GCC_WARN_UNUSED_VARIABLE = YES;
				MACOSX_DEPLOYMENT_TARGET = 10.8;
				SDKROOT = macosx;
			};
			name = Release;
		};
		D323155E16A3DBED0071D96D /* Debug */ = {
			isa = XCBuildConfiguration;
			buildSettings = {
				GCC_PRECOMPILE_PREFIX_HEADER = YES;
				GCC_PREFIX_HEADER = "Spellcaster/source/Spellcaster-Prefix.pch";
				PRODUCT_NAME = spellcaster;
			};
			name = Debug;
		};
		D323155F16A3DBED0071D96D /* Release */ = {
			isa = XCBuildConfiguration;
			buildSettings = {
				GCC_PRECOMPILE_PREFIX_HEADER = YES;
				GCC_PREFIX_HEADER = "Spellcaster/source/Spellcaster-Prefix.pch";
				PRODUCT_NAME = spellcaster;
			};
			name = Release;
		};
/* End XCBuildConfiguration section */

/* Begin XCConfigurationList section */
		D323154816A3DBED0071D96D /* Build configuration list for PBXProject "Spellcaster" */ = {
			isa = XCConfigurationList;
			buildConfigurations = (
				D323155B16A3DBED0071D96D /* Debug */,
				D323155C16A3DBED0071D96D /* Release */,
			);
			defaultConfigurationIsVisible = 0;
			defaultConfigurationName = Release;
		};
		D323155D16A3DBED0071D96D /* Build configuration list for PBXNativeTarget "Spellcaster" */ = {
			isa = XCConfigurationList;
			buildConfigurations = (
				D323155E16A3DBED0071D96D /* Debug */,
				D323155F16A3DBED0071D96D /* Release */,
			);
			defaultConfigurationIsVisible = 0;
		};
/* End XCConfigurationList section */
	};
	rootObject = D323154516A3DBED0071D96D /* Project object */;
}
